// !$*UTF8*$!
{
	archiveVersion = 1;
	classes = {
	};
	objectVersion = 56;
	objects = {

/* Begin PBXBuildFile section */
		3580F46E2B18F8AB00ADF507 /* ViewController.m in Sources */ = {isa = PBXBuildFile; fileRef = 3580F46C2B18F8AB00ADF507 /* ViewController.m */; };
		3580F46F2B18F8AB00ADF507 /* ViewController.xib in Resources */ = {isa = PBXBuildFile; fileRef = 3580F46D2B18F8AB00ADF507 /* ViewController.xib */; };
		3580F4722B18F97100ADF507 /* RHOnboardingSDK in Frameworks */ = {isa = PBXBuildFile; productRef = 3580F4712B18F97100ADF507 /* RHOnboardingSDK */; };
		358A208C2B18F78F009CC919 /* AppDelegate.m in Sources */ = {isa = PBXBuildFile; fileRef = 358A208B2B18F78F009CC919 /* AppDelegate.m */; };
		358A208F2B18F78F009CC919 /* SceneDelegate.m in Sources */ = {isa = PBXBuildFile; fileRef = 358A208E2B18F78F009CC919 /* SceneDelegate.m */; };
		358A20972B18F790009CC919 /* Assets.xcassets in Resources */ = {isa = PBXBuildFile; fileRef = 358A20962B18F790009CC919 /* Assets.xcassets */; };
		358A209A2B18F790009CC919 /* LaunchScreen.storyboard in Resources */ = {isa = PBXBuildFile; fileRef = 358A20982B18F790009CC919 /* LaunchScreen.storyboard */; };
		358A209D2B18F790009CC919 /* main.m in Sources */ = {isa = PBXBuildFile; fileRef = 358A209C2B18F790009CC919 /* main.m */; };
/* End PBXBuildFile section */

/* Begin PBXFileReference section */
		3580F46B2B18F8AB00ADF507 /* ViewController.h */ = {isa = PBXFileReference; lastKnownFileType = sourcecode.c.h; path = ViewController.h; sourceTree = "<group>"; };
		3580F46C2B18F8AB00ADF507 /* ViewController.m */ = {isa = PBXFileReference; lastKnownFileType = sourcecode.c.objc; path = ViewController.m; sourceTree = "<group>"; };
		3580F46D2B18F8AB00ADF507 /* ViewController.xib */ = {isa = PBXFileReference; lastKnownFileType = file.xib; path = ViewController.xib; sourceTree = "<group>"; };
		358A20872B18F78F009CC919 /* SampleAppObjc.app */ = {isa = PBXFileReference; explicitFileType = wrapper.application; includeInIndex = 0; path = SampleAppObjc.app; sourceTree = BUILT_PRODUCTS_DIR; };
		358A208A2B18F78F009CC919 /* AppDelegate.h */ = {isa = PBXFileReference; lastKnownFileType = sourcecode.c.h; path = AppDelegate.h; sourceTree = "<group>"; };
		358A208B2B18F78F009CC919 /* AppDelegate.m */ = {isa = PBXFileReference; lastKnownFileType = sourcecode.c.objc; path = AppDelegate.m; sourceTree = "<group>"; };
		358A208D2B18F78F009CC919 /* SceneDelegate.h */ = {isa = PBXFileReference; lastKnownFileType = sourcecode.c.h; path = SceneDelegate.h; sourceTree = "<group>"; };
		358A208E2B18F78F009CC919 /* SceneDelegate.m */ = {isa = PBXFileReference; lastKnownFileType = sourcecode.c.objc; path = SceneDelegate.m; sourceTree = "<group>"; };
		358A20962B18F790009CC919 /* Assets.xcassets */ = {isa = PBXFileReference; lastKnownFileType = folder.assetcatalog; path = Assets.xcassets; sourceTree = "<group>"; };
		358A20992B18F790009CC919 /* Base */ = {isa = PBXFileReference; lastKnownFileType = file.storyboard; name = Base; path = Base.lproj/LaunchScreen.storyboard; sourceTree = "<group>"; };
		358A209B2B18F790009CC919 /* Info.plist */ = {isa = PBXFileReference; lastKnownFileType = text.plist.xml; path = Info.plist; sourceTree = "<group>"; };
		358A209C2B18F790009CC919 /* main.m */ = {isa = PBXFileReference; lastKnownFileType = sourcecode.c.objc; path = main.m; sourceTree = "<group>"; };
/* End PBXFileReference section */

/* Begin PBXFrameworksBuildPhase section */
		358A20842B18F78F009CC919 /* Frameworks */ = {
			isa = PBXFrameworksBuildPhase;
			buildActionMask = 2147483647;
			files = (
				3580F4722B18F97100ADF507 /* RHOnboardingSDK in Frameworks */,
			);
			runOnlyForDeploymentPostprocessing = 0;
		};
/* End PBXFrameworksBuildPhase section */

/* Begin PBXGroup section */
		358A207E2B18F78F009CC919 = {
			isa = PBXGroup;
			children = (
				358A20892B18F78F009CC919 /* SampleAppObjc */,
				358A20882B18F78F009CC919 /* Products */,
			);
			sourceTree = "<group>";
		};
		358A20882B18F78F009CC919 /* Products */ = {
			isa = PBXGroup;
			children = (
				358A20872B18F78F009CC919 /* SampleAppObjc.app */,
			);
			name = Products;
			sourceTree = "<group>";
		};
		358A20892B18F78F009CC919 /* SampleAppObjc */ = {
			isa = PBXGroup;
			children = (
				358A208A2B18F78F009CC919 /* AppDelegate.h */,
				358A208B2B18F78F009CC919 /* AppDelegate.m */,
				358A208D2B18F78F009CC919 /* SceneDelegate.h */,
				358A208E2B18F78F009CC919 /* SceneDelegate.m */,
				358A20962B18F790009CC919 /* Assets.xcassets */,
				358A20982B18F790009CC919 /* LaunchScreen.storyboard */,
				358A209B2B18F790009CC919 /* Info.plist */,
				358A209C2B18F790009CC919 /* main.m */,
				3580F46B2B18F8AB00ADF507 /* ViewController.h */,
				3580F46C2B18F8AB00ADF507 /* ViewController.m */,
				3580F46D2B18F8AB00ADF507 /* ViewController.xib */,
			);
			path = SampleAppObjc;
			sourceTree = "<group>";
		};
/* End PBXGroup section */

/* Begin PBXNativeTarget section */
		358A20862B18F78F009CC919 /* SampleAppObjc */ = {
			isa = PBXNativeTarget;
			buildConfigurationList = 358A20A02B18F790009CC919 /* Build configuration list for PBXNativeTarget "SampleAppObjc" */;
			buildPhases = (
				358A20832B18F78F009CC919 /* Sources */,
				358A20842B18F78F009CC919 /* Frameworks */,
				358A20852B18F78F009CC919 /* Resources */,
			);
			buildRules = (
			);
			dependencies = (
			);
			name = SampleAppObjc;
			packageProductDependencies = (
				3580F4712B18F97100ADF507 /* RHOnboardingSDK */,
			);
			productName = SampleAppObjc;
			productReference = 358A20872B18F78F009CC919 /* SampleAppObjc.app */;
			productType = "com.apple.product-type.application";
		};
/* End PBXNativeTarget section */

/* Begin PBXProject section */
		358A207F2B18F78F009CC919 /* Project object */ = {
			isa = PBXProject;
			attributes = {
				BuildIndependentTargetsInParallel = 1;
				LastUpgradeCheck = 1500;
				TargetAttributes = {
					358A20862B18F78F009CC919 = {
						CreatedOnToolsVersion = 15.0.1;
					};
				};
			};
			buildConfigurationList = 358A20822B18F78F009CC919 /* Build configuration list for PBXProject "SampleAppObjc" */;
			compatibilityVersion = "Xcode 14.0";
			developmentRegion = en;
			hasScannedForEncodings = 0;
			knownRegions = (
				en,
				Base,
			);
			mainGroup = 358A207E2B18F78F009CC919;
			packageReferences = (
				3580F4702B18F97100ADF507 /* XCRemoteSwiftPackageReference "RHOnboardingSDK-ios" */,
			);
			productRefGroup = 358A20882B18F78F009CC919 /* Products */;
			projectDirPath = "";
			projectRoot = "";
			targets = (
				358A20862B18F78F009CC919 /* SampleAppObjc */,
			);
		};
/* End PBXProject section */

/* Begin PBXResourcesBuildPhase section */
		358A20852B18F78F009CC919 /* Resources */ = {
			isa = PBXResourcesBuildPhase;
			buildActionMask = 2147483647;
			files = (
				358A209A2B18F790009CC919 /* LaunchScreen.storyboard in Resources */,
				3580F46F2B18F8AB00ADF507 /* ViewController.xib in Resources */,
				358A20972B18F790009CC919 /* Assets.xcassets in Resources */,
			);
			runOnlyForDeploymentPostprocessing = 0;
		};
/* End PBXResourcesBuildPhase section */

/* Begin PBXSourcesBuildPhase section */
		358A20832B18F78F009CC919 /* Sources */ = {
			isa = PBXSourcesBuildPhase;
			buildActionMask = 2147483647;
			files = (
				358A208C2B18F78F009CC919 /* AppDelegate.m in Sources */,
				358A209D2B18F790009CC919 /* main.m in Sources */,
				3580F46E2B18F8AB00ADF507 /* ViewController.m in Sources */,
				358A208F2B18F78F009CC919 /* SceneDelegate.m in Sources */,
			);
			runOnlyForDeploymentPostprocessing = 0;
		};
/* End PBXSourcesBuildPhase section */

/* Begin PBXVariantGroup section */
		358A20982B18F790009CC919 /* LaunchScreen.storyboard */ = {
			isa = PBXVariantGroup;
			children = (
				358A20992B18F790009CC919 /* Base */,
			);
			name = LaunchScreen.storyboard;
			sourceTree = "<group>";
		};
/* End PBXVariantGroup section */

/* Begin XCBuildConfiguration section */
		358A209E2B18F790009CC919 /* Debug */ = {
			isa = XCBuildConfiguration;
			buildSettings = {
				ALWAYS_SEARCH_USER_PATHS = NO;
				ASSETCATALOG_COMPILER_GENERATE_SWIFT_ASSET_SYMBOL_EXTENSIONS = YES;
				CLANG_ANALYZER_NONNULL = YES;
				CLANG_ANALYZER_NUMBER_OBJECT_CONVERSION = YES_AGGRESSIVE;
				CLANG_CXX_LANGUAGE_STANDARD = "gnu++20";
				CLANG_ENABLE_MODULES = YES;
				CLANG_ENABLE_OBJC_ARC = YES;
				CLANG_ENABLE_OBJC_WEAK = YES;
				CLANG_WARN_BLOCK_CAPTURE_AUTORELEASING = YES;
				CLANG_WARN_BOOL_CONVERSION = YES;
				CLANG_WARN_COMMA = YES;
				CLANG_WARN_CONSTANT_CONVERSION = YES;
				CLANG_WARN_DEPRECATED_OBJC_IMPLEMENTATIONS = YES;
				CLANG_WARN_DIRECT_OBJC_ISA_USAGE = YES_ERROR;
				CLANG_WARN_DOCUMENTATION_COMMENTS = YES;
				CLANG_WARN_EMPTY_BODY = YES;
				CLANG_WARN_ENUM_CONVERSION = YES;
				CLANG_WARN_INFINITE_RECURSION = YES;
				CLANG_WARN_INT_CONVERSION = YES;
				CLANG_WARN_NON_LITERAL_NULL_CONVERSION = YES;
				CLANG_WARN_OBJC_IMPLICIT_RETAIN_SELF = YES;
				CLANG_WARN_OBJC_LITERAL_CONVERSION = YES;
				CLANG_WARN_OBJC_ROOT_CLASS = YES_ERROR;
				CLANG_WARN_QUOTED_INCLUDE_IN_FRAMEWORK_HEADER = YES;
				CLANG_WARN_RANGE_LOOP_ANALYSIS = YES;
				CLANG_WARN_STRICT_PROTOTYPES = YES;
				CLANG_WARN_SUSPICIOUS_MOVE = YES;
				CLANG_WARN_UNGUARDED_AVAILABILITY = YES_AGGRESSIVE;
				CLANG_WARN_UNREACHABLE_CODE = YES;
				CLANG_WARN__DUPLICATE_METHOD_MATCH = YES;
				COPY_PHASE_STRIP = NO;
				DEBUG_INFORMATION_FORMAT = dwarf;
				ENABLE_STRICT_OBJC_MSGSEND = YES;
				ENABLE_TESTABILITY = YES;
				ENABLE_USER_SCRIPT_SANDBOXING = YES;
				GCC_C_LANGUAGE_STANDARD = gnu17;
				GCC_DYNAMIC_NO_PIC = NO;
				GCC_NO_COMMON_BLOCKS = YES;
				GCC_OPTIMIZATION_LEVEL = 0;
				GCC_PREPROCESSOR_DEFINITIONS = (
					"DEBUG=1",
					"$(inherited)",
				);
				GCC_WARN_64_TO_32_BIT_CONVERSION = YES;
				GCC_WARN_ABOUT_RETURN_TYPE = YES_ERROR;
				GCC_WARN_UNDECLARED_SELECTOR = YES;
				GCC_WARN_UNINITIALIZED_AUTOS = YES_AGGRESSIVE;
				GCC_WARN_UNUSED_FUNCTION = YES;
				GCC_WARN_UNUSED_VARIABLE = YES;
				IPHONEOS_DEPLOYMENT_TARGET = 17.0;
				LOCALIZATION_PREFERS_STRING_CATALOGS = YES;
				MTL_ENABLE_DEBUG_INFO = INCLUDE_SOURCE;
				MTL_FAST_MATH = YES;
				ONLY_ACTIVE_ARCH = YES;
				SDKROOT = iphoneos;
			};
			name = Debug;
		};
		358A209F2B18F790009CC919 /* Release */ = {
			isa = XCBuildConfiguration;
			buildSettings = {
				ALWAYS_SEARCH_USER_PATHS = NO;
				ASSETCATALOG_COMPILER_GENERATE_SWIFT_ASSET_SYMBOL_EXTENSIONS = YES;
				CLANG_ANALYZER_NONNULL = YES;
				CLANG_ANALYZER_NUMBER_OBJECT_CONVERSION = YES_AGGRESSIVE;
				CLANG_CXX_LANGUAGE_STANDARD = "gnu++20";
				CLANG_ENABLE_MODULES = YES;
				CLANG_ENABLE_OBJC_ARC = YES;
				CLANG_ENABLE_OBJC_WEAK = YES;
				CLANG_WARN_BLOCK_CAPTURE_AUTORELEASING = YES;
				CLANG_WARN_BOOL_CONVERSION = YES;
				CLANG_WARN_COMMA = YES;
				CLANG_WARN_CONSTANT_CONVERSION = YES;
				CLANG_WARN_DEPRECATED_OBJC_IMPLEMENTATIONS = YES;
				CLANG_WARN_DIRECT_OBJC_ISA_USAGE = YES_ERROR;
				CLANG_WARN_DOCUMENTATION_COMMENTS = YES;
				CLANG_WARN_EMPTY_BODY = YES;
				CLANG_WARN_ENUM_CONVERSION = YES;
				CLANG_WARN_INFINITE_RECURSION = YES;
				CLANG_WARN_INT_CONVERSION = YES;
				CLANG_WARN_NON_LITERAL_NULL_CONVERSION = YES;
				CLANG_WARN_OBJC_IMPLICIT_RETAIN_SELF = YES;
				CLANG_WARN_OBJC_LITERAL_CONVERSION = YES;
				CLANG_WARN_OBJC_ROOT_CLASS = YES_ERROR;
				CLANG_WARN_QUOTED_INCLUDE_IN_FRAMEWORK_HEADER = YES;
				CLANG_WARN_RANGE_LOOP_ANALYSIS = YES;
				CLANG_WARN_STRICT_PROTOTYPES = YES;
				CLANG_WARN_SUSPICIOUS_MOVE = YES;
				CLANG_WARN_UNGUARDED_AVAILABILITY = YES_AGGRESSIVE;
				CLANG_WARN_UNREACHABLE_CODE = YES;
				CLANG_WARN__DUPLICATE_METHOD_MATCH = YES;
				COPY_PHASE_STRIP = NO;
				DEBUG_INFORMATION_FORMAT = "dwarf-with-dsym";
				ENABLE_NS_ASSERTIONS = NO;
				ENABLE_STRICT_OBJC_MSGSEND = YES;
				ENABLE_USER_SCRIPT_SANDBOXING = YES;
				GCC_C_LANGUAGE_STANDARD = gnu17;
				GCC_NO_COMMON_BLOCKS = YES;
				GCC_WARN_64_TO_32_BIT_CONVERSION = YES;
				GCC_WARN_ABOUT_RETURN_TYPE = YES_ERROR;
				GCC_WARN_UNDECLARED_SELECTOR = YES;
				GCC_WARN_UNINITIALIZED_AUTOS = YES_AGGRESSIVE;
				GCC_WARN_UNUSED_FUNCTION = YES;
				GCC_WARN_UNUSED_VARIABLE = YES;
				IPHONEOS_DEPLOYMENT_TARGET = 17.0;
				LOCALIZATION_PREFERS_STRING_CATALOGS = YES;
				MTL_ENABLE_DEBUG_INFO = NO;
				MTL_FAST_MATH = YES;
				SDKROOT = iphoneos;
				VALIDATE_PRODUCT = YES;
			};
			name = Release;
		};
		358A20A12B18F790009CC919 /* Debug */ = {
			isa = XCBuildConfiguration;
			buildSettings = {
				ASSETCATALOG_COMPILER_APPICON_NAME = AppIcon;
				ASSETCATALOG_COMPILER_GLOBAL_ACCENT_COLOR_NAME = AccentColor;
				CODE_SIGN_STYLE = Automatic;
				CURRENT_PROJECT_VERSION = 1;
				DEVELOPMENT_TEAM = 77V8A5FJ5Z;
				GENERATE_INFOPLIST_FILE = YES;
				INFOPLIST_FILE = SampleAppObjc/Info.plist;
				INFOPLIST_KEY_UIApplicationSupportsIndirectInputEvents = YES;
				INFOPLIST_KEY_UILaunchStoryboardName = LaunchScreen;
				INFOPLIST_KEY_UIMainStoryboardFile = "";
				INFOPLIST_KEY_UISupportedInterfaceOrientations_iPad = "UIInterfaceOrientationPortrait UIInterfaceOrientationPortraitUpsideDown UIInterfaceOrientationLandscapeLeft UIInterfaceOrientationLandscapeRight";
				INFOPLIST_KEY_UISupportedInterfaceOrientations_iPhone = "UIInterfaceOrientationPortrait UIInterfaceOrientationLandscapeLeft UIInterfaceOrientationLandscapeRight";
				LD_RUNPATH_SEARCH_PATHS = (
					"$(inherited)",
					"@executable_path/Frameworks",
				);
				MARKETING_VERSION = 1.0;
				PRODUCT_BUNDLE_IDENTIFIER = com.rewireholding.SampleAppObjc;
				PRODUCT_NAME = "$(TARGET_NAME)";
				SWIFT_EMIT_LOC_STRINGS = YES;
				TARGETED_DEVICE_FAMILY = "1,2";
			};
			name = Debug;
		};
		358A20A22B18F790009CC919 /* Release */ = {
			isa = XCBuildConfiguration;
			buildSettings = {
				ASSETCATALOG_COMPILER_APPICON_NAME = AppIcon;
				ASSETCATALOG_COMPILER_GLOBAL_ACCENT_COLOR_NAME = AccentColor;
				CODE_SIGN_STYLE = Automatic;
				CURRENT_PROJECT_VERSION = 1;
				DEVELOPMENT_TEAM = 77V8A5FJ5Z;
				GENERATE_INFOPLIST_FILE = YES;
				INFOPLIST_FILE = SampleAppObjc/Info.plist;
				INFOPLIST_KEY_UIApplicationSupportsIndirectInputEvents = YES;
				INFOPLIST_KEY_UILaunchStoryboardName = LaunchScreen;
				INFOPLIST_KEY_UIMainStoryboardFile = "";
				INFOPLIST_KEY_UISupportedInterfaceOrientations_iPad = "UIInterfaceOrientationPortrait UIInterfaceOrientationPortraitUpsideDown UIInterfaceOrientationLandscapeLeft UIInterfaceOrientationLandscapeRight";
				INFOPLIST_KEY_UISupportedInterfaceOrientations_iPhone = "UIInterfaceOrientationPortrait UIInterfaceOrientationLandscapeLeft UIInterfaceOrientationLandscapeRight";
				LD_RUNPATH_SEARCH_PATHS = (
					"$(inherited)",
					"@executable_path/Frameworks",
				);
				MARKETING_VERSION = 1.0;
				PRODUCT_BUNDLE_IDENTIFIER = com.rewireholding.SampleAppObjc;
				PRODUCT_NAME = "$(TARGET_NAME)";
				SWIFT_EMIT_LOC_STRINGS = YES;
				TARGETED_DEVICE_FAMILY = "1,2";
			};
			name = Release;
		};
/* End XCBuildConfiguration section */

/* Begin XCConfigurationList section */
		358A20822B18F78F009CC919 /* Build configuration list for PBXProject "SampleAppObjc" */ = {
			isa = XCConfigurationList;
			buildConfigurations = (
				358A209E2B18F790009CC919 /* Debug */,
				358A209F2B18F790009CC919 /* Release */,
			);
			defaultConfigurationIsVisible = 0;
			defaultConfigurationName = Release;
		};
		358A20A02B18F790009CC919 /* Build configuration list for PBXNativeTarget "SampleAppObjc" */ = {
			isa = XCConfigurationList;
			buildConfigurations = (
				358A20A12B18F790009CC919 /* Debug */,
				358A20A22B18F790009CC919 /* Release */,
			);
			defaultConfigurationIsVisible = 0;
			defaultConfigurationName = Release;
		};
/* End XCConfigurationList section */

/* Begin XCRemoteSwiftPackageReference section */
		3580F4702B18F97100ADF507 /* XCRemoteSwiftPackageReference "RHOnboardingSDK-ios" */ = {
			isa = XCRemoteSwiftPackageReference;
			repositoryURL = "https://github.com/rewireholding/RHOnboardingSDK-ios";
			requirement = {
				branch = main;
				kind = branch;
			};
		};
/* End XCRemoteSwiftPackageReference section */

/* Begin XCSwiftPackageProductDependency section */
		3580F4712B18F97100ADF507 /* RHOnboardingSDK */ = {
			isa = XCSwiftPackageProductDependency;
			package = 3580F4702B18F97100ADF507 /* XCRemoteSwiftPackageReference "RHOnboardingSDK-ios" */;
			productName = RHOnboardingSDK;
		};
/* End XCSwiftPackageProductDependency section */
	};
	rootObject = 358A207F2B18F78F009CC919 /* Project object */;
}
